{
	"name": "@package/dotenv",
	"version": "0.1.0",
	"lockfileVersion": 2,
	"requires": true,
	"packages": {
		"": {
			"name": "@package/dotenv",
			"version": "0.1.0",
			"devDependencies": {
				"@types/dotenv": "^8.2.0",
				"dotenv": "^10.0.0",
				"dotenv-expand": "^5.1.0"
			}
		},
		"node_modules/@types/dotenv": {
			"version": "8.2.0",
			"resolved": "https://registry.npmjs.org/@types/dotenv/-/dotenv-8.2.0.tgz",
			"integrity": "sha512-ylSC9GhfRH7m1EUXBXofhgx4lUWmFeQDINW5oLuS+gxWdfUeW4zJdeVTYVkexEW+e2VUvlZR2kGnGGipAWR7kw==",
			"deprecated": "This is a stub types definition. dotenv provides its own type definitions, so you do not need this installed.",
			"dev": true,
			"dependencies": {
				"dotenv": "*"
			}
		},
		"node_modules/dotenv": {
			"version": "10.0.0",
			"resolved": "https://registry.npmjs.org/dotenv/-/dotenv-10.0.0.tgz",
			"integrity": "sha512-rlBi9d8jpv9Sf1klPjNfFAuWDjKLwTIJJ/VxtoTwIR6hnZxcEOQCZg2oIL3MWBYw5GpUDKOEnND7LXTbIpQ03Q==",
			"dev": true,
			"engines": {
				"node": ">=10"
			}
		},
		"node_modules/dotenv-expand": {
			"version": "5.1.0",
			"resolved": "https://registry.npmjs.org/dotenv-expand/-/dotenv-expand-5.1.0.tgz",
			"integrity": "sha512-YXQl1DSa4/PQyRfgrv6aoNjhasp/p4qs9FjJ4q4cQk+8m4r6k4ZSiEyytKG8f8W9gi8WsQtIObNmKd+tMzNTmA==",
			"dev": true
		}
	},
	"dependencies": {
		"@types/dotenv": {
			"version": "8.2.0",
			"resolved": "https://registry.npmjs.org/@types/dotenv/-/dotenv-8.2.0.tgz",
			"integrity": "sha512-ylSC9GhfRH7m1EUXBXofhgx4lUWmFeQDINW5oLuS+gxWdfUeW4zJdeVTYVkexEW+e2VUvlZR2kGnGGipAWR7kw==",
			"dev": true,
			"requires": {
				"dotenv": "*"
			}
		},
		"dotenv": {
			"version": "10.0.0",
			"resolved": "https://registry.npmjs.org/dotenv/-/dotenv-10.0.0.tgz",
			"integrity": "sha512-rlBi9d8jpv9Sf1klPjNfFAuWDjKLwTIJJ/VxtoTwIR6hnZxcEOQCZg2oIL3MWBYw5GpUDKOEnND7LXTbIpQ03Q==",
			"dev": true
		},
		"dotenv-expand": {
			"version": "5.1.0",
			"resolved": "https://registry.npmjs.org/dotenv-expand/-/dotenv-expand-5.1.0.tgz",
			"integrity": "sha512-YXQl1DSa4/PQyRfgrv6aoNjhasp/p4qs9FjJ4q4cQk+8m4r6k4ZSiEyytKG8f8W9gi8WsQtIObNmKd+tMzNTmA==",
			"dev": true
		}
	}
}
